
Microsoft Visual Studio Solution File, Format Version 12.00
# Visual Studio Version 16
VisualStudioVersion = 16.0.32228.343
MinimumVisualStudioVersion = 10.0.40219.1
Project("{FAE04EC0-301F-11D3-BF4B-00C04F79EFBC}") = "VDirWebService", "VDirWebService\VDirWebService.csproj", "{BF2CD51D-A751-4850-B5BE-6FCBA87C75BD}"
EndProject
Project("{FAE04EC0-301F-11D3-BF4B-00C04F79EFBC}") = "ClientAuth", "ClientAuth\ClientAuth.csproj", "{9DD352F0-1BE4-48B4-98DD-D2487812159F}"
EndProject
Project("{9A19103F-16F7-4668-BE54-9A1E7A4F7556}") = "JWT", "JWT\JWT.csproj", "{89B671B6-268C-48D3-800D-9D9D6B88F898}"
EndProject
Project("{2150E333-8FDC-42A3-9474-1A3956D46DE8}") = "IIS Cors Module", "IIS Cors Module", "{67066C1C-DC8F-490A-AB75-F20136FE460A}"
	ProjectSection(SolutionItems) = preProject
		IIS Cors Module\IISCORS_amd64.msi = IIS Cors Module\IISCORS_amd64.msi
	EndProjectSection
EndProject
Global
	GlobalSection(SolutionConfigurationPlatforms) = preSolution
		Debug|Any CPU = Debug|Any CPU
		Release Simulator|Any CPU = Release Simulator|Any CPU
		Release|Any CPU = Release|Any CPU
		X86|Any CPU = X86|Any CPU
	EndGlobalSection
	GlobalSection(ProjectConfigurationPlatforms) = postSolution
		{BF2CD51D-A751-4850-B5BE-6FCBA87C75BD}.Debug|Any CPU.ActiveCfg = Debug|Any CPU
		{BF2CD51D-A751-4850-B5BE-6FCBA87C75BD}.Debug|Any CPU.Build.0 = Debug|Any CPU
		{BF2CD51D-A751-4850-B5BE-6FCBA87C75BD}.Release Simulator|Any CPU.ActiveCfg = Release|Any CPU
		{BF2CD51D-A751-4850-B5BE-6FCBA87C75BD}.Release Simulator|Any CPU.Build.0 = Release|Any CPU
		{BF2CD51D-A751-4850-B5BE-6FCBA87C75BD}.Release|Any CPU.ActiveCfg = Release|Any CPU
		{BF2CD51D-A751-4850-B5BE-6FCBA87C75BD}.Release|Any CPU.Build.0 = Release|Any CPU
		{BF2CD51D-A751-4850-B5BE-6FCBA87C75BD}.X86|Any CPU.ActiveCfg = Debug|Any CPU
		{BF2CD51D-A751-4850-B5BE-6FCBA87C75BD}.X86|Any CPU.Build.0 = Debug|Any CPU
		{9DD352F0-1BE4-48B4-98DD-D2487812159F}.Debug|Any CPU.ActiveCfg = Debug|Any CPU
		{9DD352F0-1BE4-48B4-98DD-D2487812159F}.Debug|Any CPU.Build.0 = Debug|Any CPU
		{9DD352F0-1BE4-48B4-98DD-D2487812159F}.Release Simulator|Any CPU.ActiveCfg = Release|Any CPU
		{9DD352F0-1BE4-48B4-98DD-D2487812159F}.Release Simulator|Any CPU.Build.0 = Release|Any CPU
		{9DD352F0-1BE4-48B4-98DD-D2487812159F}.Release|Any CPU.ActiveCfg = Release|Any CPU
		{9DD352F0-1BE4-48B4-98DD-D2487812159F}.Release|Any CPU.Build.0 = Release|Any CPU
		{9DD352F0-1BE4-48B4-98DD-D2487812159F}.X86|Any CPU.ActiveCfg = Debug|Any CPU
		{9DD352F0-1BE4-48B4-98DD-D2487812159F}.X86|Any CPU.Build.0 = Debug|Any CPU
		{89B671B6-268C-48D3-800D-9D9D6B88F898}.Debug|Any CPU.ActiveCfg = Debug|Any CPU
		{89B671B6-268C-48D3-800D-9D9D6B88F898}.Debug|Any CPU.Build.0 = Debug|Any CPU
		{89B671B6-268C-48D3-800D-9D9D6B88F898}.Release Simulator|Any CPU.ActiveCfg = Release|Any CPU
		{89B671B6-268C-48D3-800D-9D9D6B88F898}.Release Simulator|Any CPU.Build.0 = Release|Any CPU
		{89B671B6-268C-48D3-800D-9D9D6B88F898}.Release|Any CPU.ActiveCfg = Release|Any CPU
		{89B671B6-268C-48D3-800D-9D9D6B88F898}.Release|Any CPU.Build.0 = Release|Any CPU
		{89B671B6-268C-48D3-800D-9D9D6B88F898}.X86|Any CPU.ActiveCfg = Debug|Any CPU
		{89B671B6-268C-48D3-800D-9D9D6B88F898}.X86|Any CPU.Build.0 = Debug|Any CPU
	EndGlobalSection
	GlobalSection(SolutionProperties) = preSolution
		HideSolutionNode = FALSE
	EndGlobalSection
	GlobalSection(ExtensibilityGlobals) = postSolution
		SolutionGuid = {FFA3F5F0-01D0-4033-A3F7-7EFB58F7E726}
	EndGlobalSection
EndGlobal
